
Microsoft Visual Studio Solution File, Format Version 9.00
# Visual Studio 2005
Project("{F184B08F-C81C-45F6-A57F-5ABD9991F28F}") = "Firmas BSA", "Firmas BSA\Firmas BSA.vbproj", "{DA0E12BA-A6DA-4B1F-8C96-165E7BFD3B01}"
EndProject
Global
	GlobalSection(SolutionConfigurationPlatforms) = preSolution
		Debug|Any CPU = Debug|Any CPU
		Release|Any CPU = Release|Any CPU
	EndGlobalSection
	GlobalSection(ProjectConfigurationPlatforms) = postSolution
		{DA0E12BA-A6DA-4B1F-8C96-165E7BFD3B01}.Debug|Any CPU.ActiveCfg = Debug|Any CPU
		{DA0E12BA-A6DA-4B1F-8C96-165E7BFD3B01}.Debug|Any CPU.Build.0 = Debug|Any CPU
		{DA0E12BA-A6DA-4B1F-8C96-165E7BFD3B01}.Release|Any CPU.ActiveCfg = Release|Any CPU
		{DA0E12BA-A6DA-4B1F-8C96-165E7BFD3B01}.Release|Any CPU.Build.0 = Release|Any CPU
	EndGlobalSection
	GlobalSection(SolutionProperties) = preSolution
		HideSolutionNode = FALSE
	EndGlobalSection
EndGlobal
